// !$*UTF8*$!
{
	archiveVersion = 1;
	classes = {
	};
	objectVersion = 56;
	objects = {

/* Begin PBXBuildFile section */
		422E5A742AD551C700C2909B /* iBeaconApp.swift in Sources */ = {isa = PBXBuildFile; fileRef = 422E5A732AD551C700C2909B /* iBeaconApp.swift */; };
		422E5A762AD551C700C2909B /* ContentView.swift in Sources */ = {isa = PBXBuildFile; fileRef = 422E5A752AD551C700C2909B /* ContentView.swift */; };
		422E5A782AD551C900C2909B /* Assets.xcassets in Resources */ = {isa = PBXBuildFile; fileRef = 422E5A772AD551C900C2909B /* Assets.xcassets */; };
		422E5A7B2AD551C900C2909B /* Preview Assets.xcassets in Resources */ = {isa = PBXBuildFile; fileRef = 422E5A7A2AD551C900C2909B /* Preview Assets.xcassets */; };
		422E5A912AD557EF00C2909B /* GoogleService-Info.plist in Resources */ = {isa = PBXBuildFile; fileRef = 422E5A902AD557EF00C2909B /* GoogleService-Info.plist */; };
		42A8183F2AD593B10025B4DD /* FirebaseAnalytics in Frameworks */ = {isa = PBXBuildFile; productRef = 42A8183E2AD593B10025B4DD /* FirebaseAnalytics */; };
		42A818412AD593B10025B4DD /* FirebaseAnalyticsOnDeviceConversion in Frameworks */ = {isa = PBXBuildFile; productRef = 42A818402AD593B10025B4DD /* FirebaseAnalyticsOnDeviceConversion */; };
		42A818432AD593B10025B4DD /* FirebaseAnalyticsSwift in Frameworks */ = {isa = PBXBuildFile; productRef = 42A818422AD593B10025B4DD /* FirebaseAnalyticsSwift */; };
		42A818452AD593B10025B4DD /* FirebaseAnalyticsWithoutAdIdSupport in Frameworks */ = {isa = PBXBuildFile; productRef = 42A818442AD593B10025B4DD /* FirebaseAnalyticsWithoutAdIdSupport */; };
		42A818472AD593B10025B4DD /* FirebaseAppCheck in Frameworks */ = {isa = PBXBuildFile; productRef = 42A818462AD593B10025B4DD /* FirebaseAppCheck */; };
		42A818492AD593B10025B4DD /* FirebaseAppDistribution-Beta in Frameworks */ = {isa = PBXBuildFile; productRef = 42A818482AD593B10025B4DD /* FirebaseAppDistribution-Beta */; };
		42A8184B2AD593B10025B4DD /* FirebaseAuth in Frameworks */ = {isa = PBXBuildFile; productRef = 42A8184A2AD593B10025B4DD /* FirebaseAuth */; };
		42A8184D2AD593B10025B4DD /* FirebaseAuthCombine-Community in Frameworks */ = {isa = PBXBuildFile; productRef = 42A8184C2AD593B10025B4DD /* FirebaseAuthCombine-Community */; };
		42A8184F2AD593B10025B4DD /* FirebaseCrashlytics in Frameworks */ = {isa = PBXBuildFile; productRef = 42A8184E2AD593B10025B4DD /* FirebaseCrashlytics */; };
		42A818512AD593B10025B4DD /* FirebaseDatabase in Frameworks */ = {isa = PBXBuildFile; productRef = 42A818502AD593B10025B4DD /* FirebaseDatabase */; };
		42A818532AD593B10025B4DD /* FirebaseFirestoreCombine-Community in Frameworks */ = {isa = PBXBuildFile; productRef = 42A818522AD593B10025B4DD /* FirebaseFirestoreCombine-Community */; };
		42A818552AD593B10025B4DD /* FirebaseFirestoreSwift in Frameworks */ = {isa = PBXBuildFile; productRef = 42A818542AD593B10025B4DD /* FirebaseFirestoreSwift */; };
		42A818572AD593B10025B4DD /* FirebaseFunctions in Frameworks */ = {isa = PBXBuildFile; productRef = 42A818562AD593B10025B4DD /* FirebaseFunctions */; };
		42A818592AD593B10025B4DD /* FirebaseFunctionsCombine-Community in Frameworks */ = {isa = PBXBuildFile; productRef = 42A818582AD593B10025B4DD /* FirebaseFunctionsCombine-Community */; };
		42A8185B2AD593B10025B4DD /* FirebaseInAppMessaging-Beta in Frameworks */ = {isa = PBXBuildFile; productRef = 42A8185A2AD593B10025B4DD /* FirebaseInAppMessaging-Beta */; };
		42A8185D2AD593B10025B4DD /* FirebaseInAppMessagingSwift-Beta in Frameworks */ = {isa = PBXBuildFile; productRef = 42A8185C2AD593B10025B4DD /* FirebaseInAppMessagingSwift-Beta */; };
		42A8185F2AD593B10025B4DD /* FirebaseInstallations in Frameworks */ = {isa = PBXBuildFile; productRef = 42A8185E2AD593B10025B4DD /* FirebaseInstallations */; };
		42A818612AD593B10025B4DD /* FirebaseMLModelDownloader in Frameworks */ = {isa = PBXBuildFile; productRef = 42A818602AD593B10025B4DD /* FirebaseMLModelDownloader */; };
		42A818632AD593B10025B4DD /* FirebaseMessaging in Frameworks */ = {isa = PBXBuildFile; productRef = 42A818622AD593B10025B4DD /* FirebaseMessaging */; };
		42A818652AD593B10025B4DD /* FirebasePerformance in Frameworks */ = {isa = PBXBuildFile; productRef = 42A818642AD593B10025B4DD /* FirebasePerformance */; };
		42A818672AD593B10025B4DD /* FirebaseRemoteConfig in Frameworks */ = {isa = PBXBuildFile; productRef = 42A818662AD593B10025B4DD /* FirebaseRemoteConfig */; };
		42A818692AD593B10025B4DD /* FirebaseRemoteConfigSwift in Frameworks */ = {isa = PBXBuildFile; productRef = 42A818682AD593B10025B4DD /* FirebaseRemoteConfigSwift */; };
		42A8186B2AD593B10025B4DD /* FirebaseStorage in Frameworks */ = {isa = PBXBuildFile; productRef = 42A8186A2AD593B10025B4DD /* FirebaseStorage */; };
		42A8186D2AD593B10025B4DD /* FirebaseStorageCombine-Community in Frameworks */ = {isa = PBXBuildFile; productRef = 42A8186C2AD593B10025B4DD /* FirebaseStorageCombine-Community */; };
/* End PBXBuildFile section */

/* Begin PBXFileReference section */
		422E5A702AD551C700C2909B /* iBeacon.app */ = {isa = PBXFileReference; explicitFileType = wrapper.application; includeInIndex = 0; path = iBeacon.app; sourceTree = BUILT_PRODUCTS_DIR; };
		422E5A732AD551C700C2909B /* iBeaconApp.swift */ = {isa = PBXFileReference; lastKnownFileType = sourcecode.swift; path = iBeaconApp.swift; sourceTree = "<group>"; };
		422E5A752AD551C700C2909B /* ContentView.swift */ = {isa = PBXFileReference; lastKnownFileType = sourcecode.swift; path = ContentView.swift; sourceTree = "<group>"; };
		422E5A772AD551C900C2909B /* Assets.xcassets */ = {isa = PBXFileReference; lastKnownFileType = folder.assetcatalog; path = Assets.xcassets; sourceTree = "<group>"; };
		422E5A7A2AD551C900C2909B /* Preview Assets.xcassets */ = {isa = PBXFileReference; lastKnownFileType = folder.assetcatalog; path = "Preview Assets.xcassets"; sourceTree = "<group>"; };
		422E5A902AD557EF00C2909B /* GoogleService-Info.plist */ = {isa = PBXFileReference; fileEncoding = 4; lastKnownFileType = text.plist.xml; name = "GoogleService-Info.plist"; path = "../../../../Downloads/GoogleService-Info.plist"; sourceTree = "<group>"; };
		422E5A922AD557F300C2909B /* GoogleService-Info.plist */ = {isa = PBXFileReference; lastKnownFileType = text.plist.xml; name = "GoogleService-Info.plist"; path = "../../../Downloads/GoogleService-Info.plist"; sourceTree = "<group>"; };
		42A818262AD58E550025B4DD /* Info.plist */ = {isa = PBXFileReference; lastKnownFileType = text.plist.xml; path = Info.plist; sourceTree = "<group>"; };
		42A8186F2AD598EF0025B4DD /* LockAccessLib.framework */ = {isa = PBXFileReference; lastKnownFileType = wrapper.framework; name = LockAccessLib.framework; path = "../arendiag/Frameworks/LockAccessLib-2023.4.xcframework/ios-arm64/LockAccessLib.framework"; sourceTree = "<group>"; };
/* End PBXFileReference section */

/* Begin PBXFrameworksBuildPhase section */
		422E5A6D2AD551C700C2909B /* Frameworks */ = {
			isa = PBXFrameworksBuildPhase;
			buildActionMask = 2147483647;
			files = (
				42A818512AD593B10025B4DD /* FirebaseDatabase in Frameworks */,
				42A818432AD593B10025B4DD /* FirebaseAnalyticsSwift in Frameworks */,
				42A818652AD593B10025B4DD /* FirebasePerformance in Frameworks */,
				42A818672AD593B10025B4DD /* FirebaseRemoteConfig in Frameworks */,
				42A8183F2AD593B10025B4DD /* FirebaseAnalytics in Frameworks */,
				42A818692AD593B10025B4DD /* FirebaseRemoteConfigSwift in Frameworks */,
				42A818412AD593B10025B4DD /* FirebaseAnalyticsOnDeviceConversion in Frameworks */,
				42A818472AD593B10025B4DD /* FirebaseAppCheck in Frameworks */,
				42A818532AD593B10025B4DD /* FirebaseFirestoreCombine-Community in Frameworks */,
				42A818452AD593B10025B4DD /* FirebaseAnalyticsWithoutAdIdSupport in Frameworks */,
				42A8186D2AD593B10025B4DD /* FirebaseStorageCombine-Community in Frameworks */,
				42A818592AD593B10025B4DD /* FirebaseFunctionsCombine-Community in Frameworks */,
				42A8186B2AD593B10025B4DD /* FirebaseStorage in Frameworks */,
				42A818632AD593B10025B4DD /* FirebaseMessaging in Frameworks */,
				42A8185F2AD593B10025B4DD /* FirebaseInstallations in Frameworks */,
				42A8184B2AD593B10025B4DD /* FirebaseAuth in Frameworks */,
				42A8184F2AD593B10025B4DD /* FirebaseCrashlytics in Frameworks */,
				42A8185D2AD593B10025B4DD /* FirebaseInAppMessagingSwift-Beta in Frameworks */,
				42A818572AD593B10025B4DD /* FirebaseFunctions in Frameworks */,
				42A818492AD593B10025B4DD /* FirebaseAppDistribution-Beta in Frameworks */,
				42A8184D2AD593B10025B4DD /* FirebaseAuthCombine-Community in Frameworks */,
				42A818612AD593B10025B4DD /* FirebaseMLModelDownloader in Frameworks */,
				42A818552AD593B10025B4DD /* FirebaseFirestoreSwift in Frameworks */,
				42A8185B2AD593B10025B4DD /* FirebaseInAppMessaging-Beta in Frameworks */,
			);
			runOnlyForDeploymentPostprocessing = 0;
		};
/* End PBXFrameworksBuildPhase section */

/* Begin PBXGroup section */
		422E5A672AD551C700C2909B = {
			isa = PBXGroup;
			children = (
				422E5A722AD551C700C2909B /* iBeacon */,
				422E5A712AD551C700C2909B /* Products */,
				42A8186E2AD598EF0025B4DD /* Frameworks */,
			);
			sourceTree = "<group>";
		};
		422E5A712AD551C700C2909B /* Products */ = {
			isa = PBXGroup;
			children = (
				422E5A702AD551C700C2909B /* iBeacon.app */,
			);
			name = Products;
			sourceTree = "<group>";
		};
		422E5A722AD551C700C2909B /* iBeacon */ = {
			isa = PBXGroup;
			children = (
				42A818262AD58E550025B4DD /* Info.plist */,
				422E5A922AD557F300C2909B /* GoogleService-Info.plist */,
				422E5A732AD551C700C2909B /* iBeaconApp.swift */,
				422E5A752AD551C700C2909B /* ContentView.swift */,
				422E5A772AD551C900C2909B /* Assets.xcassets */,
				422E5A792AD551C900C2909B /* Preview Content */,
			);
			path = iBeacon;
			sourceTree = "<group>";
		};
		422E5A792AD551C900C2909B /* Preview Content */ = {
			isa = PBXGroup;
			children = (
				422E5A7A2AD551C900C2909B /* Preview Assets.xcassets */,
				422E5A902AD557EF00C2909B /* GoogleService-Info.plist */,
			);
			path = "Preview Content";
			sourceTree = "<group>";
		};
		42A8186E2AD598EF0025B4DD /* Frameworks */ = {
			isa = PBXGroup;
			children = (
				42A8186F2AD598EF0025B4DD /* LockAccessLib.framework */,
			);
			name = Frameworks;
			sourceTree = "<group>";
		};
/* End PBXGroup section */

/* Begin PBXNativeTarget section */
		422E5A6F2AD551C700C2909B /* iBeacon */ = {
			isa = PBXNativeTarget;
			buildConfigurationList = 422E5A7E2AD551C900C2909B /* Build configuration list for PBXNativeTarget "iBeacon" */;
			buildPhases = (
				422E5A6C2AD551C700C2909B /* Sources */,
				422E5A6D2AD551C700C2909B /* Frameworks */,
				422E5A6E2AD551C700C2909B /* Resources */,
			);
			buildRules = (
			);
			dependencies = (
			);
			name = iBeacon;
			packageProductDependencies = (
				42A8183E2AD593B10025B4DD /* FirebaseAnalytics */,
				42A818402AD593B10025B4DD /* FirebaseAnalyticsOnDeviceConversion */,
				42A818422AD593B10025B4DD /* FirebaseAnalyticsSwift */,
				42A818442AD593B10025B4DD /* FirebaseAnalyticsWithoutAdIdSupport */,
				42A818462AD593B10025B4DD /* FirebaseAppCheck */,
				42A818482AD593B10025B4DD /* FirebaseAppDistribution-Beta */,
				42A8184A2AD593B10025B4DD /* FirebaseAuth */,
				42A8184C2AD593B10025B4DD /* FirebaseAuthCombine-Community */,
				42A8184E2AD593B10025B4DD /* FirebaseCrashlytics */,
				42A818502AD593B10025B4DD /* FirebaseDatabase */,
				42A818522AD593B10025B4DD /* FirebaseFirestoreCombine-Community */,
				42A818542AD593B10025B4DD /* FirebaseFirestoreSwift */,
				42A818562AD593B10025B4DD /* FirebaseFunctions */,
				42A818582AD593B10025B4DD /* FirebaseFunctionsCombine-Community */,
				42A8185A2AD593B10025B4DD /* FirebaseInAppMessaging-Beta */,
				42A8185C2AD593B10025B4DD /* FirebaseInAppMessagingSwift-Beta */,
				42A8185E2AD593B10025B4DD /* FirebaseInstallations */,
				42A818602AD593B10025B4DD /* FirebaseMLModelDownloader */,
				42A818622AD593B10025B4DD /* FirebaseMessaging */,
				42A818642AD593B10025B4DD /* FirebasePerformance */,
				42A818662AD593B10025B4DD /* FirebaseRemoteConfig */,
				42A818682AD593B10025B4DD /* FirebaseRemoteConfigSwift */,
				42A8186A2AD593B10025B4DD /* FirebaseStorage */,
				42A8186C2AD593B10025B4DD /* FirebaseStorageCombine-Community */,
			);
			productName = iBeacon;
			productReference = 422E5A702AD551C700C2909B /* iBeacon.app */;
			productType = "com.apple.product-type.application";
		};
/* End PBXNativeTarget section */

/* Begin PBXProject section */
		422E5A682AD551C700C2909B /* Project object */ = {
			isa = PBXProject;
			attributes = {
				BuildIndependentTargetsInParallel = 1;
				LastSwiftUpdateCheck = 1500;
				LastUpgradeCheck = 1500;
				TargetAttributes = {
					422E5A6F2AD551C700C2909B = {
						CreatedOnToolsVersion = 15.0;
					};
				};
			};
			buildConfigurationList = 422E5A6B2AD551C700C2909B /* Build configuration list for PBXProject "iBeacon" */;
			compatibilityVersion = "Xcode 14.0";
			developmentRegion = en;
			hasScannedForEncodings = 0;
			knownRegions = (
				en,
				Base,
			);
			mainGroup = 422E5A672AD551C700C2909B;
			packageReferences = (
				42A8183D2AD593B10025B4DD /* XCRemoteSwiftPackageReference "firebase-ios-sdk" */,
			);
			productRefGroup = 422E5A712AD551C700C2909B /* Products */;
			projectDirPath = "";
			projectRoot = "";
			targets = (
				422E5A6F2AD551C700C2909B /* iBeacon */,
			);
		};
/* End PBXProject section */

/* Begin PBXResourcesBuildPhase section */
		422E5A6E2AD551C700C2909B /* Resources */ = {
			isa = PBXResourcesBuildPhase;
			buildActionMask = 2147483647;
			files = (
				422E5A7B2AD551C900C2909B /* Preview Assets.xcassets in Resources */,
				422E5A782AD551C900C2909B /* Assets.xcassets in Resources */,
				422E5A912AD557EF00C2909B /* GoogleService-Info.plist in Resources */,
			);
			runOnlyForDeploymentPostprocessing = 0;
		};
/* End PBXResourcesBuildPhase section */

/* Begin PBXSourcesBuildPhase section */
		422E5A6C2AD551C700C2909B /* Sources */ = {
			isa = PBXSourcesBuildPhase;
			buildActionMask = 2147483647;
			files = (
				422E5A762AD551C700C2909B /* ContentView.swift in Sources */,
				422E5A742AD551C700C2909B /* iBeaconApp.swift in Sources */,
			);
			runOnlyForDeploymentPostprocessing = 0;
		};
/* End PBXSourcesBuildPhase section */

/* Begin XCBuildConfiguration section */
		422E5A7C2AD551C900C2909B /* Debug */ = {
			isa = XCBuildConfiguration;
			buildSettings = {
				ALWAYS_SEARCH_USER_PATHS = NO;
				ASSETCATALOG_COMPILER_GENERATE_SWIFT_ASSET_SYMBOL_EXTENSIONS = YES;
				CLANG_ANALYZER_NONNULL = YES;
				CLANG_ANALYZER_NUMBER_OBJECT_CONVERSION = YES_AGGRESSIVE;
				CLANG_CXX_LANGUAGE_STANDARD = "gnu++20";
				CLANG_ENABLE_MODULES = YES;
				CLANG_ENABLE_OBJC_ARC = YES;
				CLANG_ENABLE_OBJC_WEAK = YES;
				CLANG_WARN_BLOCK_CAPTURE_AUTORELEASING = YES;
				CLANG_WARN_BOOL_CONVERSION = YES;
				CLANG_WARN_COMMA = YES;
				CLANG_WARN_CONSTANT_CONVERSION = YES;
				CLANG_WARN_DEPRECATED_OBJC_IMPLEMENTATIONS = YES;
				CLANG_WARN_DIRECT_OBJC_ISA_USAGE = YES_ERROR;
				CLANG_WARN_DOCUMENTATION_COMMENTS = YES;
				CLANG_WARN_EMPTY_BODY = YES;
				CLANG_WARN_ENUM_CONVERSION = YES;
				CLANG_WARN_INFINITE_RECURSION = YES;
				CLANG_WARN_INT_CONVERSION = YES;
				CLANG_WARN_NON_LITERAL_NULL_CONVERSION = YES;
				CLANG_WARN_OBJC_IMPLICIT_RETAIN_SELF = YES;
				CLANG_WARN_OBJC_LITERAL_CONVERSION = YES;
				CLANG_WARN_OBJC_ROOT_CLASS = YES_ERROR;
				CLANG_WARN_QUOTED_INCLUDE_IN_FRAMEWORK_HEADER = YES;
				CLANG_WARN_RANGE_LOOP_ANALYSIS = YES;
				CLANG_WARN_STRICT_PROTOTYPES = YES;
				CLANG_WARN_SUSPICIOUS_MOVE = YES;
				CLANG_WARN_UNGUARDED_AVAILABILITY = YES_AGGRESSIVE;
				CLANG_WARN_UNREACHABLE_CODE = YES;
				CLANG_WARN__DUPLICATE_METHOD_MATCH = YES;
				COPY_PHASE_STRIP = NO;
				DEBUG_INFORMATION_FORMAT = dwarf;
				ENABLE_STRICT_OBJC_MSGSEND = YES;
				ENABLE_TESTABILITY = YES;
				ENABLE_USER_SCRIPT_SANDBOXING = YES;
				GCC_C_LANGUAGE_STANDARD = gnu17;
				GCC_DYNAMIC_NO_PIC = NO;
				GCC_NO_COMMON_BLOCKS = YES;
				GCC_OPTIMIZATION_LEVEL = 0;
				GCC_PREPROCESSOR_DEFINITIONS = (
					"DEBUG=1",
					"$(inherited)",
				);
				GCC_WARN_64_TO_32_BIT_CONVERSION = YES;
				GCC_WARN_ABOUT_RETURN_TYPE = YES_ERROR;
				GCC_WARN_UNDECLARED_SELECTOR = YES;
				GCC_WARN_UNINITIALIZED_AUTOS = YES_AGGRESSIVE;
				GCC_WARN_UNUSED_FUNCTION = YES;
				GCC_WARN_UNUSED_VARIABLE = YES;
				IPHONEOS_DEPLOYMENT_TARGET = 17.0;
				LOCALIZATION_PREFERS_STRING_CATALOGS = YES;
				MTL_ENABLE_DEBUG_INFO = INCLUDE_SOURCE;
				MTL_FAST_MATH = YES;
				ONLY_ACTIVE_ARCH = YES;
				SDKROOT = iphoneos;
				SWIFT_ACTIVE_COMPILATION_CONDITIONS = "DEBUG $(inherited)";
				SWIFT_OPTIMIZATION_LEVEL = "-Onone";
			};
			name = Debug;
		};
		422E5A7D2AD551C900C2909B /* Release */ = {
			isa = XCBuildConfiguration;
			buildSettings = {
				ALWAYS_SEARCH_USER_PATHS = NO;
				ASSETCATALOG_COMPILER_GENERATE_SWIFT_ASSET_SYMBOL_EXTENSIONS = YES;
				CLANG_ANALYZER_NONNULL = YES;
				CLANG_ANALYZER_NUMBER_OBJECT_CONVERSION = YES_AGGRESSIVE;
				CLANG_CXX_LANGUAGE_STANDARD = "gnu++20";
				CLANG_ENABLE_MODULES = YES;
				CLANG_ENABLE_OBJC_ARC = YES;
				CLANG_ENABLE_OBJC_WEAK = YES;
				CLANG_WARN_BLOCK_CAPTURE_AUTORELEASING = YES;
				CLANG_WARN_BOOL_CONVERSION = YES;
				CLANG_WARN_COMMA = YES;
				CLANG_WARN_CONSTANT_CONVERSION = YES;
				CLANG_WARN_DEPRECATED_OBJC_IMPLEMENTATIONS = YES;
				CLANG_WARN_DIRECT_OBJC_ISA_USAGE = YES_ERROR;
				CLANG_WARN_DOCUMENTATION_COMMENTS = YES;
				CLANG_WARN_EMPTY_BODY = YES;
				CLANG_WARN_ENUM_CONVERSION = YES;
				CLANG_WARN_INFINITE_RECURSION = YES;
				CLANG_WARN_INT_CONVERSION = YES;
				CLANG_WARN_NON_LITERAL_NULL_CONVERSION = YES;
				CLANG_WARN_OBJC_IMPLICIT_RETAIN_SELF = YES;
				CLANG_WARN_OBJC_LITERAL_CONVERSION = YES;
				CLANG_WARN_OBJC_ROOT_CLASS = YES_ERROR;
				CLANG_WARN_QUOTED_INCLUDE_IN_FRAMEWORK_HEADER = YES;
				CLANG_WARN_RANGE_LOOP_ANALYSIS = YES;
				CLANG_WARN_STRICT_PROTOTYPES = YES;
				CLANG_WARN_SUSPICIOUS_MOVE = YES;
				CLANG_WARN_UNGUARDED_AVAILABILITY = YES_AGGRESSIVE;
				CLANG_WARN_UNREACHABLE_CODE = YES;
				CLANG_WARN__DUPLICATE_METHOD_MATCH = YES;
				COPY_PHASE_STRIP = NO;
				DEBUG_INFORMATION_FORMAT = "dwarf-with-dsym";
				ENABLE_NS_ASSERTIONS = NO;
				ENABLE_STRICT_OBJC_MSGSEND = YES;
				ENABLE_USER_SCRIPT_SANDBOXING = YES;
				GCC_C_LANGUAGE_STANDARD = gnu17;
				GCC_NO_COMMON_BLOCKS = YES;
				GCC_WARN_64_TO_32_BIT_CONVERSION = YES;
				GCC_WARN_ABOUT_RETURN_TYPE = YES_ERROR;
				GCC_WARN_UNDECLARED_SELECTOR = YES;
				GCC_WARN_UNINITIALIZED_AUTOS = YES_AGGRESSIVE;
				GCC_WARN_UNUSED_FUNCTION = YES;
				GCC_WARN_UNUSED_VARIABLE = YES;
				IPHONEOS_DEPLOYMENT_TARGET = 17.0;
				LOCALIZATION_PREFERS_STRING_CATALOGS = YES;
				MTL_ENABLE_DEBUG_INFO = NO;
				MTL_FAST_MATH = YES;
				SDKROOT = iphoneos;
				SWIFT_COMPILATION_MODE = wholemodule;
				VALIDATE_PRODUCT = YES;
			};
			name = Release;
		};
		422E5A7F2AD551C900C2909B /* Debug */ = {
			isa = XCBuildConfiguration;
			buildSettings = {
				ASSETCATALOG_COMPILER_APPICON_NAME = AppIcon;
				ASSETCATALOG_COMPILER_GLOBAL_ACCENT_COLOR_NAME = AccentColor;
				CODE_SIGN_IDENTITY = "Apple Development";
				CODE_SIGN_STYLE = Automatic;
				CURRENT_PROJECT_VERSION = 1;
				DEVELOPMENT_ASSET_PATHS = "\"iBeacon/Preview Content\"";
				DEVELOPMENT_TEAM = L96EYAH22A;
				ENABLE_PREVIEWS = YES;
				GENERATE_INFOPLIST_FILE = YES;
				INFOPLIST_FILE = iBeacon/Info.plist;
				INFOPLIST_KEY_NSBluetoothAlwaysUsageDescription = NSBluetoothAlwaysUsageDescription;
				INFOPLIST_KEY_NSLocationAlwaysUsageDescription = NSLocationAlwaysUsageDescription;
				INFOPLIST_KEY_NSLocationWhenInUseUsageDescription = NSLocationWhenInUseUsageDescription;
				INFOPLIST_KEY_UIApplicationSceneManifest_Generation = YES;
				INFOPLIST_KEY_UIApplicationSupportsIndirectInputEvents = YES;
				INFOPLIST_KEY_UILaunchScreen_Generation = YES;
				INFOPLIST_KEY_UISupportedInterfaceOrientations_iPad = "UIInterfaceOrientationPortrait UIInterfaceOrientationPortraitUpsideDown UIInterfaceOrientationLandscapeLeft UIInterfaceOrientationLandscapeRight";
				INFOPLIST_KEY_UISupportedInterfaceOrientations_iPhone = "UIInterfaceOrientationPortrait UIInterfaceOrientationLandscapeLeft UIInterfaceOrientationLandscapeRight";
				LD_RUNPATH_SEARCH_PATHS = (
					"$(inherited)",
					"@executable_path/Frameworks",
				);
				MARKETING_VERSION = 1.0;
				PRODUCT_BUNDLE_IDENTIFIER = com.simonsvoss.ax2go;
				PRODUCT_NAME = "$(TARGET_NAME)";
				PROVISIONING_PROFILE_SPECIFIER = "";
				SWIFT_EMIT_LOC_STRINGS = YES;
				SWIFT_VERSION = 5.0;
				TARGETED_DEVICE_FAMILY = "1,2";
			};
			name = Debug;
		};
		422E5A802AD551C900C2909B /* Release */ = {
			isa = XCBuildConfiguration;
			buildSettings = {
				ASSETCATALOG_COMPILER_APPICON_NAME = AppIcon;
				ASSETCATALOG_COMPILER_GLOBAL_ACCENT_COLOR_NAME = AccentColor;
				CODE_SIGN_IDENTITY = "Apple Development";
				CODE_SIGN_STYLE = Automatic;
				CURRENT_PROJECT_VERSION = 1;
				DEVELOPMENT_ASSET_PATHS = "\"iBeacon/Preview Content\"";
				DEVELOPMENT_TEAM = L96EYAH22A;
				ENABLE_PREVIEWS = YES;
				GENERATE_INFOPLIST_FILE = YES;
				INFOPLIST_FILE = iBeacon/Info.plist;
				INFOPLIST_KEY_NSBluetoothAlwaysUsageDescription = NSBluetoothAlwaysUsageDescription;
				INFOPLIST_KEY_NSLocationAlwaysUsageDescription = NSLocationAlwaysUsageDescription;
				INFOPLIST_KEY_NSLocationWhenInUseUsageDescription = NSLocationWhenInUseUsageDescription;
				INFOPLIST_KEY_UIApplicationSceneManifest_Generation = YES;
				INFOPLIST_KEY_UIApplicationSupportsIndirectInputEvents = YES;
				INFOPLIST_KEY_UILaunchScreen_Generation = YES;
				INFOPLIST_KEY_UISupportedInterfaceOrientations_iPad = "UIInterfaceOrientationPortrait UIInterfaceOrientationPortraitUpsideDown UIInterfaceOrientationLandscapeLeft UIInterfaceOrientationLandscapeRight";
				INFOPLIST_KEY_UISupportedInterfaceOrientations_iPhone = "UIInterfaceOrientationPortrait UIInterfaceOrientationLandscapeLeft UIInterfaceOrientationLandscapeRight";
				LD_RUNPATH_SEARCH_PATHS = (
					"$(inherited)",
					"@executable_path/Frameworks",
				);
				MARKETING_VERSION = 1.0;
				PRODUCT_BUNDLE_IDENTIFIER = com.simonsvoss.ax2go;
				PRODUCT_NAME = "$(TARGET_NAME)";
				PROVISIONING_PROFILE_SPECIFIER = "";
				SWIFT_EMIT_LOC_STRINGS = YES;
				SWIFT_VERSION = 5.0;
				TARGETED_DEVICE_FAMILY = "1,2";
			};
			name = Release;
		};
/* End XCBuildConfiguration section */

/* Begin XCConfigurationList section */
		422E5A6B2AD551C700C2909B /* Build configuration list for PBXProject "iBeacon" */ = {
			isa = XCConfigurationList;
			buildConfigurations = (
				422E5A7C2AD551C900C2909B /* Debug */,
				422E5A7D2AD551C900C2909B /* Release */,
			);
			defaultConfigurationIsVisible = 0;
			defaultConfigurationName = Release;
		};
		422E5A7E2AD551C900C2909B /* Build configuration list for PBXNativeTarget "iBeacon" */ = {
			isa = XCConfigurationList;
			buildConfigurations = (
				422E5A7F2AD551C900C2909B /* Debug */,
				422E5A802AD551C900C2909B /* Release */,
			);
			defaultConfigurationIsVisible = 0;
			defaultConfigurationName = Release;
		};
/* End XCConfigurationList section */

/* Begin XCRemoteSwiftPackageReference section */
		42A8183D2AD593B10025B4DD /* XCRemoteSwiftPackageReference "firebase-ios-sdk" */ = {
			isa = XCRemoteSwiftPackageReference;
			repositoryURL = "https://github.com/firebase/firebase-ios-sdk.git";
			requirement = {
				kind = upToNextMajorVersion;
				minimumVersion = 10.16.0;
			};
		};
/* End XCRemoteSwiftPackageReference section */

/* Begin XCSwiftPackageProductDependency section */
		42A8183E2AD593B10025B4DD /* FirebaseAnalytics */ = {
			isa = XCSwiftPackageProductDependency;
			package = 42A8183D2AD593B10025B4DD /* XCRemoteSwiftPackageReference "firebase-ios-sdk" */;
			productName = FirebaseAnalytics;
		};
		42A818402AD593B10025B4DD /* FirebaseAnalyticsOnDeviceConversion */ = {
			isa = XCSwiftPackageProductDependency;
			package = 42A8183D2AD593B10025B4DD /* XCRemoteSwiftPackageReference "firebase-ios-sdk" */;
			productName = FirebaseAnalyticsOnDeviceConversion;
		};
		42A818422AD593B10025B4DD /* FirebaseAnalyticsSwift */ = {
			isa = XCSwiftPackageProductDependency;
			package = 42A8183D2AD593B10025B4DD /* XCRemoteSwiftPackageReference "firebase-ios-sdk" */;
			productName = FirebaseAnalyticsSwift;
		};
		42A818442AD593B10025B4DD /* FirebaseAnalyticsWithoutAdIdSupport */ = {
			isa = XCSwiftPackageProductDependency;
			package = 42A8183D2AD593B10025B4DD /* XCRemoteSwiftPackageReference "firebase-ios-sdk" */;
			productName = FirebaseAnalyticsWithoutAdIdSupport;
		};
		42A818462AD593B10025B4DD /* FirebaseAppCheck */ = {
			isa = XCSwiftPackageProductDependency;
			package = 42A8183D2AD593B10025B4DD /* XCRemoteSwiftPackageReference "firebase-ios-sdk" */;
			productName = FirebaseAppCheck;
		};
		42A818482AD593B10025B4DD /* FirebaseAppDistribution-Beta */ = {
			isa = XCSwiftPackageProductDependency;
			package = 42A8183D2AD593B10025B4DD /* XCRemoteSwiftPackageReference "firebase-ios-sdk" */;
			productName = "FirebaseAppDistribution-Beta";
		};
		42A8184A2AD593B10025B4DD /* FirebaseAuth */ = {
			isa = XCSwiftPackageProductDependency;
			package = 42A8183D2AD593B10025B4DD /* XCRemoteSwiftPackageReference "firebase-ios-sdk" */;
			productName = FirebaseAuth;
		};
		42A8184C2AD593B10025B4DD /* FirebaseAuthCombine-Community */ = {
			isa = XCSwiftPackageProductDependency;
			package = 42A8183D2AD593B10025B4DD /* XCRemoteSwiftPackageReference "firebase-ios-sdk" */;
			productName = "FirebaseAuthCombine-Community";
		};
		42A8184E2AD593B10025B4DD /* FirebaseCrashlytics */ = {
			isa = XCSwiftPackageProductDependency;
			package = 42A8183D2AD593B10025B4DD /* XCRemoteSwiftPackageReference "firebase-ios-sdk" */;
			productName = FirebaseCrashlytics;
		};
		42A818502AD593B10025B4DD /* FirebaseDatabase */ = {
			isa = XCSwiftPackageProductDependency;
			package = 42A8183D2AD593B10025B4DD /* XCRemoteSwiftPackageReference "firebase-ios-sdk" */;
			productName = FirebaseDatabase;
		};
		42A818522AD593B10025B4DD /* FirebaseFirestoreCombine-Community */ = {
			isa = XCSwiftPackageProductDependency;
			package = 42A8183D2AD593B10025B4DD /* XCRemoteSwiftPackageReference "firebase-ios-sdk" */;
			productName = "FirebaseFirestoreCombine-Community";
		};
		42A818542AD593B10025B4DD /* FirebaseFirestoreSwift */ = {
			isa = XCSwiftPackageProductDependency;
			package = 42A8183D2AD593B10025B4DD /* XCRemoteSwiftPackageReference "firebase-ios-sdk" */;
			productName = FirebaseFirestoreSwift;
		};
		42A818562AD593B10025B4DD /* FirebaseFunctions */ = {
			isa = XCSwiftPackageProductDependency;
			package = 42A8183D2AD593B10025B4DD /* XCRemoteSwiftPackageReference "firebase-ios-sdk" */;
			productName = FirebaseFunctions;
		};
		42A818582AD593B10025B4DD /* FirebaseFunctionsCombine-Community */ = {
			isa = XCSwiftPackageProductDependency;
			package = 42A8183D2AD593B10025B4DD /* XCRemoteSwiftPackageReference "firebase-ios-sdk" */;
			productName = "FirebaseFunctionsCombine-Community";
		};
		42A8185A2AD593B10025B4DD /* FirebaseInAppMessaging-Beta */ = {
			isa = XCSwiftPackageProductDependency;
			package = 42A8183D2AD593B10025B4DD /* XCRemoteSwiftPackageReference "firebase-ios-sdk" */;
			productName = "FirebaseInAppMessaging-Beta";
		};
		42A8185C2AD593B10025B4DD /* FirebaseInAppMessagingSwift-Beta */ = {
			isa = XCSwiftPackageProductDependency;
			package = 42A8183D2AD593B10025B4DD /* XCRemoteSwiftPackageReference "firebase-ios-sdk" */;
			productName = "FirebaseInAppMessagingSwift-Beta";
		};
		42A8185E2AD593B10025B4DD /* FirebaseInstallations */ = {
			isa = XCSwiftPackageProductDependency;
			package = 42A8183D2AD593B10025B4DD /* XCRemoteSwiftPackageReference "firebase-ios-sdk" */;
			productName = FirebaseInstallations;
		};
		42A818602AD593B10025B4DD /* FirebaseMLModelDownloader */ = {
			isa = XCSwiftPackageProductDependency;
			package = 42A8183D2AD593B10025B4DD /* XCRemoteSwiftPackageReference "firebase-ios-sdk" */;
			productName = FirebaseMLModelDownloader;
		};
		42A818622AD593B10025B4DD /* FirebaseMessaging */ = {
			isa = XCSwiftPackageProductDependency;
			package = 42A8183D2AD593B10025B4DD /* XCRemoteSwiftPackageReference "firebase-ios-sdk" */;
			productName = FirebaseMessaging;
		};
		42A818642AD593B10025B4DD /* FirebasePerformance */ = {
			isa = XCSwiftPackageProductDependency;
			package = 42A8183D2AD593B10025B4DD /* XCRemoteSwiftPackageReference "firebase-ios-sdk" */;
			productName = FirebasePerformance;
		};
		42A818662AD593B10025B4DD /* FirebaseRemoteConfig */ = {
			isa = XCSwiftPackageProductDependency;
			package = 42A8183D2AD593B10025B4DD /* XCRemoteSwiftPackageReference "firebase-ios-sdk" */;
			productName = FirebaseRemoteConfig;
		};
		42A818682AD593B10025B4DD /* FirebaseRemoteConfigSwift */ = {
			isa = XCSwiftPackageProductDependency;
			package = 42A8183D2AD593B10025B4DD /* XCRemoteSwiftPackageReference "firebase-ios-sdk" */;
			productName = FirebaseRemoteConfigSwift;
		};
		42A8186A2AD593B10025B4DD /* FirebaseStorage */ = {
			isa = XCSwiftPackageProductDependency;
			package = 42A8183D2AD593B10025B4DD /* XCRemoteSwiftPackageReference "firebase-ios-sdk" */;
			productName = FirebaseStorage;
		};
		42A8186C2AD593B10025B4DD /* FirebaseStorageCombine-Community */ = {
			isa = XCSwiftPackageProductDependency;
			package = 42A8183D2AD593B10025B4DD /* XCRemoteSwiftPackageReference "firebase-ios-sdk" */;
			productName = "FirebaseStorageCombine-Community";
		};
/* End XCSwiftPackageProductDependency section */
	};
	rootObject = 422E5A682AD551C700C2909B /* Project object */;
}
